
Microsoft Visual Studio Solution File, Format Version 12.00
# Visual Studio Version 17
VisualStudioVersion = 17.8.34316.72
MinimumVisualStudioVersion = 10.0.40219.1
Project("{FAE04EC0-301F-11D3-BF4B-00C04F79EFBC}") = "AreaLibrary", "AreaLibrary\AreaLibrary.csproj", "{6C4CC9FA-8E7B-49D4-B3CC-4452F9E75BA3}"
EndProject
Project("{FAE04EC0-301F-11D3-BF4B-00C04F79EFBC}") = "AreaLibraryTests", "AreaLibraryTests\AreaLibraryTests.csproj", "{DA09EA6A-48E1-4AF8-8AC8-0C126002AE8A}"
EndProject
Global
	GlobalSection(SolutionConfigurationPlatforms) = preSolution
		Debug|Any CPU = Debug|Any CPU
		Release|Any CPU = Release|Any CPU
	EndGlobalSection
	GlobalSection(ProjectConfigurationPlatforms) = postSolution
		{6C4CC9FA-8E7B-49D4-B3CC-4452F9E75BA3}.Debug|Any CPU.ActiveCfg = Debug|Any CPU
		{6C4CC9FA-8E7B-49D4-B3CC-4452F9E75BA3}.Debug|Any CPU.Build.0 = Debug|Any CPU
		{6C4CC9FA-8E7B-49D4-B3CC-4452F9E75BA3}.Release|Any CPU.ActiveCfg = Release|Any CPU
		{6C4CC9FA-8E7B-49D4-B3CC-4452F9E75BA3}.Release|Any CPU.Build.0 = Release|Any CPU
		{DA09EA6A-48E1-4AF8-8AC8-0C126002AE8A}.Debug|Any CPU.ActiveCfg = Debug|Any CPU
		{DA09EA6A-48E1-4AF8-8AC8-0C126002AE8A}.Debug|Any CPU.Build.0 = Debug|Any CPU
		{DA09EA6A-48E1-4AF8-8AC8-0C126002AE8A}.Release|Any CPU.ActiveCfg = Release|Any CPU
		{DA09EA6A-48E1-4AF8-8AC8-0C126002AE8A}.Release|Any CPU.Build.0 = Release|Any CPU
	EndGlobalSection
	GlobalSection(SolutionProperties) = preSolution
		HideSolutionNode = FALSE
	EndGlobalSection
	GlobalSection(ExtensibilityGlobals) = postSolution
		SolutionGuid = {AE71941A-4294-4ADF-9BEA-08DCE7A222A9}
	EndGlobalSection
EndGlobal
